# This is a Gradle generated file for dependency locking.
# Manual edits can break the build and are not advised.
# This file is expected to be part of source control.
io.github.java-diff-utils:java-diff-utils:4.12=kotlinInternalAbiValidation
net.sf.jopt-simple:jopt-simple:5.0.4=jmh,jmhCompileClasspath,jmhImplementationDependenciesMetadata,jmhRuntimeClasspath
org.apache.commons:commons-math3:3.2=jmh,jmhCompileClasspath,jmhImplementationDependenciesMetadata,jmhRuntimeClasspath
org.jetbrains.kotlin:abi-tools-api:2.2.10=kotlinInternalAbiValidation
org.jetbrains.kotlin:abi-tools:2.2.10=kotlinInternalAbiValidation
org.jetbrains.kotlin:kotlin-build-tools-api:2.2.10=kotlinBuildToolsApiClasspath
org.jetbrains.kotlin:kotlin-build-tools-impl:2.2.10=kotlinBuildToolsApiClasspath
org.jetbrains.kotlin:kotlin-compiler-embeddable:2.2.10=kotlinBuildToolsApiClasspath,kotlinCompilerClasspath,kotlinInternalAbiValidation,kotlinKlibCommonizerClasspath
org.jetbrains.kotlin:kotlin-compiler-runner:2.2.10=kotlinBuildToolsApiClasspath
org.jetbrains.kotlin:kotlin-daemon-client:2.2.10=kotlinBuildToolsApiClasspath
org.jetbrains.kotlin:kotlin-daemon-embeddable:2.2.10=kotlinBuildToolsApiClasspath,kotlinCompilerClasspath,kotlinInternalAbiValidation,kotlinKlibCommonizerClasspath
org.jetbrains.kotlin:kotlin-klib-commonizer-embeddable:2.2.10=kotlinKlibCommonizerClasspath
org.jetbrains.kotlin:kotlin-metadata-jvm:2.2.10=kotlinInternalAbiValidation
org.jetbrains.kotlin:kotlin-reflect:1.6.10=kotlinBuildToolsApiClasspath,kotlinCompilerClasspath,kotlinInternalAbiValidation,kotlinKlibCommonizerClasspath
org.jetbrains.kotlin:kotlin-script-runtime:2.2.10=kotlinBuildToolsApiClasspath,kotlinCompilerClasspath,kotlinCompilerPluginClasspathJmh,kotlinCompilerPluginClasspathMain,kotlinCompilerPluginClasspathTest,kotlinInternalAbiValidation,kotlinKlibCommonizerClasspath
org.jetbrains.kotlin:kotlin-scripting-common:2.2.10=kotlinBuildToolsApiClasspath,kotlinCompilerPluginClasspathJmh,kotlinCompilerPluginClasspathMain,kotlinCompilerPluginClasspathTest
org.jetbrains.kotlin:kotlin-scripting-compiler-embeddable:2.2.10=kotlinBuildToolsApiClasspath,kotlinCompilerPluginClasspathJmh,kotlinCompilerPluginClasspathMain,kotlinCompilerPluginClasspathTest
org.jetbrains.kotlin:kotlin-scripting-compiler-impl-embeddable:2.2.10=kotlinBuildToolsApiClasspath,kotlinCompilerPluginClasspathJmh,kotlinCompilerPluginClasspathMain,kotlinCompilerPluginClasspathTest
org.jetbrains.kotlin:kotlin-scripting-jvm:2.2.10=kotlinBuildToolsApiClasspath,kotlinCompilerPluginClasspathJmh,kotlinCompilerPluginClasspathMain,kotlinCompilerPluginClasspathTest
org.jetbrains.kotlin:kotlin-stdlib:2.2.10=apiDependenciesMetadata,compileClasspath,implementationDependenciesMetadata,jmh,jmhApiDependenciesMetadata,jmhCompileClasspath,jmhImplementationDependenciesMetadata,jmhRuntimeClasspath,kotlinBuildToolsApiClasspath,kotlinCompilerClasspath,kotlinCompilerPluginClasspathJmh,kotlinCompilerPluginClasspathMain,kotlinCompilerPluginClasspathTest,kotlinInternalAbiValidation,kotlinKlibCommonizerClasspath,runtimeClasspath,testCompileClasspath,testImplementationDependenciesMetadata,testRuntimeClasspath
org.jetbrains.kotlinx:kotlinx-coroutines-core-jvm:1.8.0=kotlinBuildToolsApiClasspath,kotlinCompilerClasspath,kotlinInternalAbiValidation,kotlinKlibCommonizerClasspath
org.jetbrains:annotations:13.0=compileClasspath,jmh,jmhCompileClasspath,jmhRuntimeClasspath,kotlinBuildToolsApiClasspath,kotlinCompilerClasspath,kotlinCompilerPluginClasspathJmh,kotlinCompilerPluginClasspathMain,kotlinCompilerPluginClasspathTest,kotlinInternalAbiValidation,kotlinKlibCommonizerClasspath,runtimeClasspath,testCompileClasspath,testRuntimeClasspath
org.openjdk.jmh:jmh-core:1.36=jmh,jmhCompileClasspath,jmhImplementationDependenciesMetadata,jmhRuntimeClasspath
org.openjdk.jmh:jmh-generator-asm:1.36=jmh,jmhCompileClasspath,jmhImplementationDependenciesMetadata,jmhRuntimeClasspath
org.openjdk.jmh:jmh-generator-bytecode:1.36=jmh,jmhCompileClasspath,jmhImplementationDependenciesMetadata,jmhRuntimeClasspath
org.openjdk.jmh:jmh-generator-reflection:1.36=jmh,jmhCompileClasspath,jmhImplementationDependenciesMetadata,jmhRuntimeClasspath
org.ow2.asm:asm:9.0=jmh,jmhCompileClasspath,jmhImplementationDependenciesMetadata,jmhRuntimeClasspath
empty=annotationProcessor,compileOnlyDependenciesMetadata,intransitiveDependenciesMetadata,jmhAnnotationProcessor,jmhCompileOnlyDependenciesMetadata,jmhIntransitiveDependenciesMetadata,jmhKotlinScriptDefExtensions,kotlinCompilerPluginClasspath,kotlinNativeCompilerPluginClasspath,kotlinScriptDefExtensions,testAnnotationProcessor,testApiDependenciesMetadata,testCompileOnlyDependenciesMetadata,testIntransitiveDependenciesMetadata,testKotlinScriptDefExtensions
